{"relative_scss_path": "scss/components/info-block-v1/component.scss", "relative_js_path": "js/info-block-v1/", "title": "info-block-v1", "component_type": "advertising_block", "code": "info-block-v1", "relative_html_path": "mainapp/components/info-block-v1/component.html", "html_path": "/home/valentin/acgh-site/mainapp/templates/mainapp/components/info-block-v1/component.html", "js_path": "", "scss_path": "/home/valentin/acgh-site/assets/scss/components/info-block-v1/component.scss"}