{"title": "acgh-information", "code": "acgh-information", "html_path": "/home/valentin/acgh-site/mainapp/templates/mainapp/components/acgh-information/component.html", "scss_path": "/home/valentin/acgh-site/assets/scss/components/acgh-information/component.scss", "js_path": "", "relative_scss_path": "scss/components/acgh-information/component.scss", "relative_js_path": "js/acgh-information/", "relative_html_path": "mainapp/components/acgh-information/component.html", "component_type": "advertising_block"}