{"relative_scss_path": "scss/components/main-menu-v1/component.scss", "relative_js_path": "js/main-menu-v1/", "title": "main-menu-v1", "component_type": "main_menu", "code": "main-menu-v1", "relative_html_path": "mainapp/components/main-menu-v1/component.html", "html_path": "/home/valentin/acgh-site/mainapp/templates/mainapp/components/main-menu-v1/component.html", "js_path": "", "scss_path": "/home/valentin/acgh-site/assets/scss/components/main-menu-v1/component.scss"}