{"title": "acgh-footer", "code": "acgh-footer", "html_path": "/home/valentin/acgh-site/mainapp/templates/mainapp/components/acgh-footer/component.html", "scss_path": "/home/valentin/acgh-site/assets/scss/components/acgh-footer/component.scss", "js_path": "", "relative_scss_path": "scss/components/acgh-footer/component.scss", "relative_js_path": "js/acgh-footer/", "relative_html_path": "mainapp/components/acgh-footer/component.html", "component_type": "main_banner"}