{"relative_scss_path": "scss/components/inner-head-v3/component.scss", "relative_js_path": "js/inner-head-v3/", "title": "inner-head-v3", "component_type": "inner_head", "code": "inner-head-v3", "relative_html_path": "mainapp/components/inner-head-v3/component.html", "html_path": "/home/valentin/acgh-site/mainapp/templates/mainapp/components/inner-head-v3/component.html", "js_path": "", "scss_path": "/home/valentin/acgh-site/assets/scss/components/inner-head-v3/component.scss"}