{"relative_scss_path": "scss/components/top-addr-line-v1/component.scss", "relative_js_path": "js/top-addr-line-v1/component.js", "title": "top-addr-line-v1", "component_type": "top-addr-line", "code": "top-addr-line-v1", "relative_html_path": "mainapp/components/top-addr-line-v1/component.html", "html_path": "/home/valentin/acgh-site/mainapp/templates/mainapp/components/top-addr-line-v1/component.html", "js_path": "/home/valentin/acgh-site/static/js/top-addr-line-v1/component.js", "scss_path": "/home/valentin/acgh-site/assets/scss/components/top-addr-line-v1/component.scss"}