{"relative_scss_path": "scss/components/attestat-carousel-v1/component.scss", "relative_js_path": "js/attestat-carousel-v1/", "title": "attestat-carousel-v1", "component_type": "helper_block", "code": "attestat-carousel-v1", "relative_html_path": "mainapp/components/attestat-carousel-v1/component.html", "html_path": "/home/valentin/acgh-site/mainapp/templates/mainapp/components/attestat-carousel-v1/component.html", "js_path": "", "scss_path": "/home/valentin/acgh-site/assets/scss/components/attestat-carousel-v1/component.scss"}