{"html_path": "/home/valentin/acgh-site/mainapp/templates/mainapp/components/acgh-header-home/component.html", "js_path": "", "relative_js_path": "js/acgh-header-home/", "relative_html_path": "mainapp/components/acgh-header-home/component.html", "relative_scss_path": "scss/components/acgh-header-home/component.scss", "scss_path": "/home/valentin/acgh-site/assets/scss/components/acgh-header-home/component.scss", "code": "acgh-header-home", "component_type": "main_menu", "title": "acgh-header-home"}