{"relative_scss_path": "scss/components/our-staff-v1/component.scss", "relative_js_path": "js/our-staff-v1/", "title": "our-staff-v1", "component_type": "helper_block", "code": "our-staff-v1", "relative_html_path": "mainapp/components/our-staff-v1/component.html", "html_path": "/home/valentin/acgh-site/mainapp/templates/mainapp/components/our-staff-v1/component.html", "js_path": "", "scss_path": "/home/valentin/acgh-site/assets/scss/components/our-staff-v1/component.scss"}