{"js_path": "", "relative_scss_path": "scss/components/acgh-top-header-line/component.scss", "code": "acgh-top-header-line", "relative_html_path": "mainapp/components/acgh-top-header-line/component.html", "component_type": "top-addr-line", "relative_js_path": "js/acgh-top-header-line/", "scss_path": "/home/valentin/acgh-site/assets/scss/components/acgh-top-header-line/component.scss", "title": "acgh-top-header-line", "html_path": "/home/valentin/acgh-site/mainapp/templates/mainapp/components/acgh-top-header-line/component.html"}