{"js_path": "", "html_path": "/home/valentin/acgh-site/mainapp/templates/mainapp/components/acgh-modal-feedback/component.html", "title": "acgh-modal-feedback", "code": "acgh-modal-feedback", "component_type": "main_menu", "scss_path": "/home/valentin/acgh-site/assets/scss/components/acgh-modal-feedback/component.scss", "relative_html_path": "mainapp/components/acgh-modal-feedback/component.html", "relative_js_path": "js/acgh-modal-feedback/", "relative_scss_path": "scss/components/acgh-modal-feedback/component.scss"}